
Microsoft Visual Studio Solution File, Format Version 12.00
# Visual Studio Version 16
VisualStudioVersion = 16.0.31129.286
MinimumVisualStudioVersion = 10.0.40219.1
Project("{FAE04EC0-301F-11D3-BF4B-00C04F79EFBC}") = "ReusableContentView.Android", "ReusableContentView\ReusableContentView.Android\ReusableContentView.Android.csproj", "{964E9E1D-D7A2-487A-AF70-D55B5B4CC4BB}"
EndProject
Project("{FAE04EC0-301F-11D3-BF4B-00C04F79EFBC}") = "ReusableContentView.iOS", "ReusableContentView\ReusableContentView.iOS\ReusableContentView.iOS.csproj", "{21B35D72-E22C-444D-969F-90E87329043A}"
EndProject
Project("{FAE04EC0-301F-11D3-BF4B-00C04F79EFBC}") = "ReusableContentView", "ReusableContentView\ReusableContentView\ReusableContentView.csproj", "{E7AA66AF-9FFF-42B4-A3C4-F4313C008CB5}"
EndProject
Global
	GlobalSection(SolutionConfigurationPlatforms) = preSolution
		Debug|Any CPU = Debug|Any CPU
		Debug|iPhone = Debug|iPhone
		Debug|iPhoneSimulator = Debug|iPhoneSimulator
		Release|Any CPU = Release|Any CPU
		Release|iPhone = Release|iPhone
		Release|iPhoneSimulator = Release|iPhoneSimulator
	EndGlobalSection
	GlobalSection(ProjectConfigurationPlatforms) = postSolution
		{964E9E1D-D7A2-487A-AF70-D55B5B4CC4BB}.Debug|Any CPU.ActiveCfg = Debug|Any CPU
		{964E9E1D-D7A2-487A-AF70-D55B5B4CC4BB}.Debug|Any CPU.Build.0 = Debug|Any CPU
		{964E9E1D-D7A2-487A-AF70-D55B5B4CC4BB}.Debug|Any CPU.Deploy.0 = Debug|Any CPU
		{964E9E1D-D7A2-487A-AF70-D55B5B4CC4BB}.Debug|iPhone.ActiveCfg = Debug|Any CPU
		{964E9E1D-D7A2-487A-AF70-D55B5B4CC4BB}.Debug|iPhone.Build.0 = Debug|Any CPU
		{964E9E1D-D7A2-487A-AF70-D55B5B4CC4BB}.Debug|iPhone.Deploy.0 = Debug|Any CPU
		{964E9E1D-D7A2-487A-AF70-D55B5B4CC4BB}.Debug|iPhoneSimulator.ActiveCfg = Debug|Any CPU
		{964E9E1D-D7A2-487A-AF70-D55B5B4CC4BB}.Debug|iPhoneSimulator.Build.0 = Debug|Any CPU
		{964E9E1D-D7A2-487A-AF70-D55B5B4CC4BB}.Debug|iPhoneSimulator.Deploy.0 = Debug|Any CPU
		{964E9E1D-D7A2-487A-AF70-D55B5B4CC4BB}.Release|Any CPU.ActiveCfg = Release|Any CPU
		{964E9E1D-D7A2-487A-AF70-D55B5B4CC4BB}.Release|Any CPU.Build.0 = Release|Any CPU
		{964E9E1D-D7A2-487A-AF70-D55B5B4CC4BB}.Release|Any CPU.Deploy.0 = Release|Any CPU
		{964E9E1D-D7A2-487A-AF70-D55B5B4CC4BB}.Release|iPhone.ActiveCfg = Release|Any CPU
		{964E9E1D-D7A2-487A-AF70-D55B5B4CC4BB}.Release|iPhone.Build.0 = Release|Any CPU
		{964E9E1D-D7A2-487A-AF70-D55B5B4CC4BB}.Release|iPhone.Deploy.0 = Release|Any CPU
		{964E9E1D-D7A2-487A-AF70-D55B5B4CC4BB}.Release|iPhoneSimulator.ActiveCfg = Release|Any CPU
		{964E9E1D-D7A2-487A-AF70-D55B5B4CC4BB}.Release|iPhoneSimulator.Build.0 = Release|Any CPU
		{964E9E1D-D7A2-487A-AF70-D55B5B4CC4BB}.Release|iPhoneSimulator.Deploy.0 = Release|Any CPU
		{21B35D72-E22C-444D-969F-90E87329043A}.Debug|Any CPU.ActiveCfg = Debug|iPhone
		{21B35D72-E22C-444D-969F-90E87329043A}.Debug|Any CPU.Build.0 = Debug|iPhone
		{21B35D72-E22C-444D-969F-90E87329043A}.Debug|Any CPU.Deploy.0 = Debug|iPhone
		{21B35D72-E22C-444D-969F-90E87329043A}.Debug|iPhone.ActiveCfg = Debug|iPhone
		{21B35D72-E22C-444D-969F-90E87329043A}.Debug|iPhone.Build.0 = Debug|iPhone
		{21B35D72-E22C-444D-969F-90E87329043A}.Debug|iPhone.Deploy.0 = Debug|iPhone
		{21B35D72-E22C-444D-969F-90E87329043A}.Debug|iPhoneSimulator.ActiveCfg = Debug|iPhoneSimulator
		{21B35D72-E22C-444D-969F-90E87329043A}.Debug|iPhoneSimulator.Build.0 = Debug|iPhoneSimulator
		{21B35D72-E22C-444D-969F-90E87329043A}.Debug|iPhoneSimulator.Deploy.0 = Debug|iPhoneSimulator
		{21B35D72-E22C-444D-969F-90E87329043A}.Release|Any CPU.ActiveCfg = Release|iPhoneSimulator
		{21B35D72-E22C-444D-969F-90E87329043A}.Release|Any CPU.Build.0 = Release|iPhoneSimulator
		{21B35D72-E22C-444D-969F-90E87329043A}.Release|Any CPU.Deploy.0 = Release|iPhoneSimulator
		{21B35D72-E22C-444D-969F-90E87329043A}.Release|iPhone.ActiveCfg = Release|iPhone
		{21B35D72-E22C-444D-969F-90E87329043A}.Release|iPhone.Build.0 = Release|iPhone
		{21B35D72-E22C-444D-969F-90E87329043A}.Release|iPhone.Deploy.0 = Release|iPhone
		{21B35D72-E22C-444D-969F-90E87329043A}.Release|iPhoneSimulator.ActiveCfg = Release|iPhoneSimulator
		{21B35D72-E22C-444D-969F-90E87329043A}.Release|iPhoneSimulator.Build.0 = Release|iPhoneSimulator
		{21B35D72-E22C-444D-969F-90E87329043A}.Release|iPhoneSimulator.Deploy.0 = Release|iPhoneSimulator
		{E7AA66AF-9FFF-42B4-A3C4-F4313C008CB5}.Debug|Any CPU.ActiveCfg = Debug|Any CPU
		{E7AA66AF-9FFF-42B4-A3C4-F4313C008CB5}.Debug|Any CPU.Build.0 = Debug|Any CPU
		{E7AA66AF-9FFF-42B4-A3C4-F4313C008CB5}.Debug|Any CPU.Deploy.0 = Debug|Any CPU
		{E7AA66AF-9FFF-42B4-A3C4-F4313C008CB5}.Debug|iPhone.ActiveCfg = Debug|Any CPU
		{E7AA66AF-9FFF-42B4-A3C4-F4313C008CB5}.Debug|iPhone.Build.0 = Debug|Any CPU
		{E7AA66AF-9FFF-42B4-A3C4-F4313C008CB5}.Debug|iPhone.Deploy.0 = Debug|Any CPU
		{E7AA66AF-9FFF-42B4-A3C4-F4313C008CB5}.Debug|iPhoneSimulator.ActiveCfg = Debug|Any CPU
		{E7AA66AF-9FFF-42B4-A3C4-F4313C008CB5}.Debug|iPhoneSimulator.Build.0 = Debug|Any CPU
		{E7AA66AF-9FFF-42B4-A3C4-F4313C008CB5}.Debug|iPhoneSimulator.Deploy.0 = Debug|Any CPU
		{E7AA66AF-9FFF-42B4-A3C4-F4313C008CB5}.Release|Any CPU.ActiveCfg = Release|Any CPU
		{E7AA66AF-9FFF-42B4-A3C4-F4313C008CB5}.Release|Any CPU.Build.0 = Release|Any CPU
		{E7AA66AF-9FFF-42B4-A3C4-F4313C008CB5}.Release|Any CPU.Deploy.0 = Release|Any CPU
		{E7AA66AF-9FFF-42B4-A3C4-F4313C008CB5}.Release|iPhone.ActiveCfg = Release|Any CPU
		{E7AA66AF-9FFF-42B4-A3C4-F4313C008CB5}.Release|iPhone.Build.0 = Release|Any CPU
		{E7AA66AF-9FFF-42B4-A3C4-F4313C008CB5}.Release|iPhone.Deploy.0 = Release|Any CPU
		{E7AA66AF-9FFF-42B4-A3C4-F4313C008CB5}.Release|iPhoneSimulator.ActiveCfg = Release|Any CPU
		{E7AA66AF-9FFF-42B4-A3C4-F4313C008CB5}.Release|iPhoneSimulator.Build.0 = Release|Any CPU
		{E7AA66AF-9FFF-42B4-A3C4-F4313C008CB5}.Release|iPhoneSimulator.Deploy.0 = Release|Any CPU
	EndGlobalSection
	GlobalSection(SolutionProperties) = preSolution
		HideSolutionNode = FALSE
	EndGlobalSection
	GlobalSection(ExtensibilityGlobals) = postSolution
		SolutionGuid = {A4F6523A-D396-4EFF-B241-A455CEE47528}
	EndGlobalSection
EndGlobal
